
Microsoft Visual Studio Solution File, Format Version 12.00
# Visual Studio Version 17
VisualStudioVersion = 17.14.37203.1 d17.14
MinimumVisualStudioVersion = 10.0.40219.1
Project("{FAE04EC0-301F-11D3-BF4B-00C04F79EFBC}") = "Sum Of Two Numbers", "Sum Of Two Numbers\Sum Of Two Numbers.csproj", "{85BC0329-DF3A-460C-BFD1-E38BAE445C01}"
EndProject
Global
	GlobalSection(SolutionConfigurationPlatforms) = preSolution
		Debug|Any CPU = Debug|Any CPU
		Release|Any CPU = Release|Any CPU
	EndGlobalSection
	GlobalSection(ProjectConfigurationPlatforms) = postSolution
		{85BC0329-DF3A-460C-BFD1-E38BAE445C01}.Debug|Any CPU.ActiveCfg = Debug|Any CPU
		{85BC0329-DF3A-460C-BFD1-E38BAE445C01}.Debug|Any CPU.Build.0 = Debug|Any CPU
		{85BC0329-DF3A-460C-BFD1-E38BAE445C01}.Release|Any CPU.ActiveCfg = Release|Any CPU
		{85BC0329-DF3A-460C-BFD1-E38BAE445C01}.Release|Any CPU.Build.0 = Release|Any CPU
	EndGlobalSection
	GlobalSection(SolutionProperties) = preSolution
		HideSolutionNode = FALSE
	EndGlobalSection
	GlobalSection(ExtensibilityGlobals) = postSolution
		SolutionGuid = {AA5932BA-E89D-4553-BF5F-86DCE09D2DD9}
	EndGlobalSection
EndGlobal
